# This file is @generated by PDM.
# It is not intended for manual editing.

[metadata]
groups = ["default"]
strategy = ["inherit_metadata"]
lock_version = "4.5.1"
content_hash = "sha256:1fdb0e811232b841860a8cfaa78a0492eef5805aa0a98e531911ebf271e287a3"

[[metadata.targets]]
requires_python = "==3.10.*"

[[package]]
name = "attrs"
version = "26.1.0"
requires_python = ">=3.9"
summary = "Classes Without Boilerplate"
groups = ["default"]
files = [
    {file = "attrs-26.1.0-py3-none-any.whl", hash = "sha256:c647aa4a12dfbad9333ca4e71fe62ddc36f4e63b2d260a37a8b83d2f043ac309"},
    {file = "attrs-26.1.0.tar.gz", hash = "sha256:d03ceb89cb322a8fd706d4fb91940737b6642aa36998fe130a9bc96c985eff32"},
]

[[package]]
name = "certifi"
version = "2026.7.22"
requires_python = ">=3.7"
summary = "Python package for providing Mozilla's CA Bundle."
groups = ["default"]
files = [
    {file = "certifi-2026.7.22-py3-none-any.whl", hash = "sha256:62f22742b58a1a33014a2b6b706588a8d7e2a88ae7bd1a6ebe8c992928483775"},
    {file = "certifi-2026.7.22.tar.gz", hash = "sha256:741e2c3b351ddf169a738da9f2c048608ff7f2c5cc02f1ebc6b118bb090d5d55"},
]

[[package]]
name = "charset-normalizer"
version = "3.5.1"
requires_python = ">=3.7"
summary = "The Real First Universal Charset Detector. Open, modern and actively maintained alternative to Chardet."
groups = ["default"]
files = [
    {file = "charset_normalizer-3.5.1-cp310-cp310-macosx_10_9_universal2.whl", hash = "sha256:d1ee1e296209fdce05b81b663250eefa02213a2da7b41bf26f7829b8ba3545aa"},
    {file = "charset_normalizer-3.5.1-cp310-cp310-manylinux2014_aarch64.manylinux_2_17_aarch64.manylinux_2_28_aarch64.whl", hash = "sha256:e9fbdce1e47394b09bc9f26ab117dfc8d6491977a11d86f592bb42c779db2fda"},
    {file = "charset_normalizer-3.5.1-cp310-cp310-manylinux2014_armv7l.manylinux_2_17_armv7l.manylinux_2_31_armv7l.whl", hash = "sha256:00668ebb0609751758682eb0b5857e7c35b9f00e84dfdef062e103244ec94d45"},
    {file = "charset_normalizer-3.5.1-cp310-cp310-manylinux2014_ppc64le.manylinux_2_17_ppc64le.manylinux_2_28_ppc64le.whl", hash = "sha256:ba2f37ee79e6338845261a3c5b1784e5d1acdff2c0785b284f1b633033d136ab"},
    {file = "charset_normalizer-3.5.1-cp310-cp310-manylinux2014_s390x.manylinux_2_17_s390x.manylinux_2_28_s390x.whl", hash = "sha256:ce854f5f478050ade5a238731c4ca985a7d3b3cb53ff600a9b5c3b689b5f0a7a"},
    {file = "charset_normalizer-3.5.1-cp310-cp310-manylinux2014_x86_64.manylinux_2_17_x86_64.manylinux_2_28_x86_64.whl", hash = "sha256:96eefc178f8636b9c760c5829345307fd81cfae9ab1e80997dbddeb0f54ee9a3"},
    {file = "charset_normalizer-3.5.1-cp310-cp310-manylinux_2_31_riscv64.manylinux_2_39_riscv64.whl", hash = "sha256:366ec70f5547c640d3ce1985722490f23faf4eb5216a7eeba78277490e78dacb"},
    {file = "charset_normalizer-3.5.1-cp310-cp310-musllinux_1_2_aarch64.whl", hash = "sha256:950f23cb393f85543777b0433f082cddd25b51ab398eac7971146495679efe5f"},
    {file = "charset_normalizer-3.5.1-cp310-cp310-musllinux_1_2_armv7l.whl", hash = "sha256:c1dcc36dcb96abc02236e182d17e0f71430152a6c2c7447421da2d2dc144edea"},
    {file = "charset_normalizer-3.5.1-cp310-cp310-musllinux_1_2_ppc64le.whl", hash = "sha256:07ffd07412fc5d5e84cd8952acf9ff7e4ed7a708e69d1bada19d8ba91711353f"},
    {file = "charset_normalizer-3.5.1-cp310-cp310-musllinux_1_2_riscv64.whl", hash = "sha256:f5542f9b941279d82d41eb0aa9f98eba36fe4df5c7086c651df7944935b37182"},
    {file = "charset_normalizer-3.5.1-cp310-cp310-musllinux_1_2_s390x.whl", hash = "sha256:a545775cfe815855ea32d7c27731d79da358ef2055b4a25830231b1622dd18aa"},
    {file = "charset_normalizer-3.5.1-cp310-cp310-musllinux_1_2_x86_64.whl", hash = "sha256:494b70049a4d69aec6e8137c13af4cf8db8c9f9820a1392ac293b0dd2987a818"},
    {file = "charset_normalizer-3.5.1-cp310-cp310-win32.whl", hash = "sha256:94fbf1c0c6cc0d3d5e50f9a9313a8cdca90dd696d34b381cd1704f8c9e939f20"},
    {file = "charset_normalizer-3.5.1-cp310-cp310-win_amd64.whl", hash = "sha256:be47f99644b208bff7766314013f9acf57b056b04191d570d68ad14022cf5b1d"},
    {file = "charset_normalizer-3.5.1-cp310-cp310-win_arm64.whl", hash = "sha256:a6d095662e73e74f0a49988e0593373e243e3a52e27bfeea0a859e88acf4a0f5"},
    {file = "charset_normalizer-3.5.1-cp37-abi3-macosx_10_9_universal2.whl", hash = "sha256:41876ee62a3dddf48ff1121ad8f0798032aa03f2fd35f21f34a4cab14f18d8d2"},
    {file = "charset_normalizer-3.5.1-cp37-abi3-manylinux1_x86_64.manylinux_2_28_x86_64.manylinux_2_5_x86_64.whl", hash = "sha256:a6dac12ff6b846103483683f60c5f8fee205121adc58ffd87e90a90a3af69e99"},
    {file = "charset_normalizer-3.5.1-cp37-abi3-manylinux2014_aarch64.manylinux_2_17_aarch64.manylinux_2_28_aarch64.whl", hash = "sha256:cee5dd7c6fb5dd52a0fe2a740f9bc6e3593f5f8b1788bde49de02086f30182b2"},
    {file = "charset_normalizer-3.5.1-cp37-abi3-manylinux2014_armv7l.manylinux_2_17_armv7l.manylinux_2_31_armv7l.whl", hash = "sha256:343fb4f2821043bd87095f7b08a1a181febc8e36ac64212143bbfd0a0e1bc235"},
    {file = "charset_normalizer-3.5.1-cp37-abi3-manylinux2014_ppc64le.manylinux_2_17_ppc64le.manylinux_2_28_ppc64le.whl", hash = "sha256:ae4a097991662cd4fff0ddc74e0fe7874f82e00042fa0ea00855645ed0c79598"},
    {file = "charset_normalizer-3.5.1-cp37-abi3-manylinux2014_s390x.manylinux_2_17_s390x.manylinux_2_28_s390x.whl", hash = "sha256:4b599739b93b2cbeded49645ae3c8d1405c29ddfbceac1545c87a3f9580a9e96"},
    {file = "charset_normalizer-3.5.1-cp37-abi3-manylinux_2_31_riscv64.manylinux_2_39_riscv64.whl", hash = "sha256:b39b69b347e5e47a3b5b8cfc005c68c1ba347474e3960236c4944a8ecd174962"},
    {file = "charset_normalizer-3.5.1-cp37-abi3-musllinux_1_2_aarch64.whl", hash = "sha256:a2028475ba855475b8b4d3cfeb4994269c967aea8b9892dfba907f4263a863a3"},
    {file = "charset_normalizer-3.5.1-cp37-abi3-musllinux_1_2_armv7l.whl", hash = "sha256:36047af20e17097c3bb9476c2b7655f2f7aa51322c0ba58c07695bedf755a950"},
    {file = "charset_normalizer-3.5.1-cp37-abi3-musllinux_1_2_ppc64le.whl", hash = "sha256:4c4fb141a727957c93edfe5c32a26ceb6b5f6461d67146e2d39f51e16170bea8"},
    {file = "charset_normalizer-3.5.1-cp37-abi3-musllinux_1_2_riscv64.whl", hash = "sha256:2f293479cce755c75f1697e87c409b7ae4c555c7dfecb6e988ad13abba943031"},
    {file = "charset_normalizer-3.5.1-cp37-abi3-musllinux_1_2_s390x.whl", hash = "sha256:3588e376b3ea2eea84976f67273d679f229e24c66dce7b82ae45aef04ff6e072"},
    {file = "charset_normalizer-3.5.1-cp37-abi3-musllinux_1_2_x86_64.whl", hash = "sha256:e199fb99720074809a7720f1c0b4d919eea8b87e88713e0f8f602f7bef543d9d"},
    {file = "charset_normalizer-3.5.1-cp37-abi3-win32.whl", hash = "sha256:dd732602a7009217f658d5863d12d79d373a4de0eebc111094bcdd3bb8e0a6cc"},
    {file = "charset_normalizer-3.5.1-cp37-abi3-win_amd64.whl", hash = "sha256:70055ff39b97c99e7ae40ea3e393fb62aa2e44dbd9b29f8d14f42fb0025c3959"},
    {file = "charset_normalizer-3.5.1-cp37-abi3-win_arm64.whl", hash = "sha256:87e4f41d375c0b9be2fb5251aee4b8a689169e134535aed81bf085c3b647451e"},
    {file = "charset_normalizer-3.5.1-py3-none-any.whl", hash = "sha256:6df0ec430f9a831772c23ca5a224cba36517a58a84bb32c32bb59a9fa67c47f6"},
    {file = "charset_normalizer-3.5.1.tar.gz", hash = "sha256:6117b84ea48435e5356dc737f5121485c30920ba43375fa7b434fd753df0eac3"},
]

[[package]]
name = "grpcio"
version = "1.84.0"
requires_python = ">=3.10"
summary = "HTTP/2-based RPC framework"
groups = ["default"]
dependencies = [
    "typing-extensions~=4.12",
]
files = [
    {file = "grpcio-1.84.0-cp310-cp310-linux_armv7l.whl", hash = "sha256:71fd60e6e426d293d0a2f685115ad0a0845117602cf13605a4be7524fb5f7bba"},
    {file = "grpcio-1.84.0-cp310-cp310-macosx_11_0_universal2.whl", hash = "sha256:8e1a45d174b6b8589f51dce1cea804aa6c1f72c9c80cba91ae2caabeb6d90540"},
    {file = "grpcio-1.84.0-cp310-cp310-manylinux2014_aarch64.manylinux_2_17_aarch64.whl", hash = "sha256:efb29f8633bf6630dc89de4fe0353ac3d7e4b70ef7b6e29fb40f00e68c127fa5"},
    {file = "grpcio-1.84.0-cp310-cp310-manylinux2014_i686.manylinux_2_17_i686.whl", hash = "sha256:d0fdd25faece8a1f95e8a3a8006e29701b5cf8dadb4a8132e68f3134637004a5"},
    {file = "grpcio-1.84.0-cp310-cp310-manylinux2014_x86_64.manylinux_2_17_x86_64.whl", hash = "sha256:393d8a78bff6731ecc5ad2151a821f8fbc1709b137ebb9c25a4ef399fbdcc914"},
    {file = "grpcio-1.84.0-cp310-cp310-musllinux_1_2_aarch64.whl", hash = "sha256:fc66cb50c93554b86db0b6625ab5c6e9051dbf8847c08d93c84918e02e413fb7"},
    {file = "grpcio-1.84.0-cp310-cp310-musllinux_1_2_i686.whl", hash = "sha256:455ed6083353b8e938f1d58c765eab2fbb165731e5b507be30fee344915a2a11"},
    {file = "grpcio-1.84.0-cp310-cp310-musllinux_1_2_x86_64.whl", hash = "sha256:3d6a82c4fc6c85f2fb7572c86bdb86f84c97b6580e5f6599f711800bac48a5d8"},
    {file = "grpcio-1.84.0-cp310-cp310-win32.whl", hash = "sha256:8e3f508d0e9e6236ba2f08d56e33355e434e785e813149a1b8477d3edf69779d"},
    {file = "grpcio-1.84.0-cp310-cp310-win_amd64.whl", hash = "sha256:ed2c1493c44d0932f1e55fdb5d1ead658c68288ec5d51b8c4928422d98633ef9"},
    {file = "grpcio-1.84.0.tar.gz", hash = "sha256:19aaf172fc2edbefccce3f6e92c5150975dbe56c45744e9e87cf72ebdf85bfbe"},
]

[[package]]
name = "grpcio-tools"
version = "1.84.0"
requires_python = ">=3.10"
summary = "Protobuf code generator for gRPC"
groups = ["default"]
dependencies = [
    "grpcio>=1.84.0",
    "protobuf<8.0.0,>=7.35.1",
    "setuptools>=77.0.1",
]
files = [
    {file = "grpcio_tools-1.84.0-cp310-cp310-linux_armv7l.whl", hash = "sha256:5157688cab3488d89ec986a6bbb0a9886ec655d4f854fd2c1099cf6d5be83646"},
    {file = "grpcio_tools-1.84.0-cp310-cp310-macosx_11_0_universal2.whl", hash = "sha256:48bd8ea0acfb7b15eb3f8fc28294ad9300bd10ab3d42a743a08f87506d9e5098"},
    {file = "grpcio_tools-1.84.0-cp310-cp310-manylinux2014_aarch64.manylinux_2_17_aarch64.whl", hash = "sha256:7103c628a87f8dad1988ef951a66c9077866349053e4ae462bfbc9f91c7ad8f3"},
    {file = "grpcio_tools-1.84.0-cp310-cp310-manylinux2014_i686.manylinux_2_17_i686.whl", hash = "sha256:d1cafe92e8742188dae258dc20fb1133a35f9b09f80ef4e0368a558561b3a04c"},
    {file = "grpcio_tools-1.84.0-cp310-cp310-manylinux2014_x86_64.manylinux_2_17_x86_64.whl", hash = "sha256:036de16c1eb8e516740e0040e721fae73d459a5a5ca4dfb747b6cc095cf7a750"},
    {file = "grpcio_tools-1.84.0-cp310-cp310-musllinux_1_2_aarch64.whl", hash = "sha256:2643e748ce319fe75b703f42875dc42b203577f8e3e223d1ff73f37c7cfda748"},
    {file = "grpcio_tools-1.84.0-cp310-cp310-musllinux_1_2_i686.whl", hash = "sha256:fe0ef1f19790d7cefe563c4f533bb0a5b88135661e32aef7661e76a9f271d384"},
    {file = "grpcio_tools-1.84.0-cp310-cp310-musllinux_1_2_x86_64.whl", hash = "sha256:8ed58186650b7e7a6f48e6fc1aac2ec8440a72d4d7fc7cf2f6ae33878da7f2d6"},
    {file = "grpcio_tools-1.84.0-cp310-cp310-win32.whl", hash = "sha256:8d677c2beae4ab02d2ae4caf0241be18eed5301757b23f1544b133c6961c4035"},
    {file = "grpcio_tools-1.84.0-cp310-cp310-win_amd64.whl", hash = "sha256:a2c00d4230c592dee120458352d846df083d7bc6198150f3b66a3005d586501e"},
    {file = "grpcio_tools-1.84.0.tar.gz", hash = "sha256:210ac5ac9803569490ec33574b7e995bc087815b00d9b777e0134cab5ed9a379"},
]

[[package]]
name = "idna"
version = "3.20"
requires_python = ">=3.9"
summary = "Internationalized Domain Names in Applications (IDNA)"
groups = ["default"]
files = [
    {file = "idna-3.20-py3-none-any.whl", hash = "sha256:ab7ae7122974553370f0bdb919e1a960b2cd1bc1ef0276416d896db81c14582c"},
    {file = "idna-3.20.tar.gz", hash = "sha256:a7db850025b95ded1eae8a46181a1a6c56c92c96f0e2b005d9ff8dc0210cab44"},
]

[[package]]
name = "isodate"
version = "0.7.2"
requires_python = ">=3.7"
summary = "An ISO 8601 date/time/duration parser and formatter"
groups = ["default"]
files = [
    {file = "isodate-0.7.2-py3-none-any.whl", hash = "sha256:28009937d8031054830160fce6d409ed342816b543597cece116d966c6d99e15"},
    {file = "isodate-0.7.2.tar.gz", hash = "sha256:4cd1aa0f43ca76f4a6c6c0292a85f40b35ec2e43e315b59f06e6d32171a953e6"},
]

[[package]]
name = "lxml"
version = "6.1.3"
requires_python = ">=3.8"
summary = "Powerful and Pythonic XML processing library combining libxml2/libxslt with the ElementTree API."
groups = ["default"]
files = [
    {file = "lxml-6.1.3-cp310-cp310-macosx_10_9_universal2.whl", hash = "sha256:40bcbd9f94166ffe925811e730607385cec959f42fb1bb7dad83748680465221"},
    {file = "lxml-6.1.3-cp310-cp310-macosx_10_9_x86_64.whl", hash = "sha256:05f5bce9af14fd1506997594bd81cee6d9c6b58ea80a39c058327aa6371ed9e9"},
    {file = "lxml-6.1.3-cp310-cp310-manylinux2014_aarch64.manylinux_2_17_aarch64.whl", hash = "sha256:ff88a92cafde90888511242d1c54afcc1a8adbb6dc0a88fa7f87e29e92400d4a"},
    {file = "lxml-6.1.3-cp310-cp310-manylinux2014_x86_64.manylinux_2_17_x86_64.whl", hash = "sha256:c00e26288784460885fe76e4d4b293573e0f791f52e6d60e27b42edf005922eb"},
    {file = "lxml-6.1.3-cp310-cp310-manylinux_2_26_aarch64.manylinux_2_28_aarch64.whl", hash = "sha256:773062aec2f2e56b2b22d37054123f0de8a22a4688a0c3376c3fe42685f975cf"},
    {file = "lxml-6.1.3-cp310-cp310-manylinux_2_26_x86_64.manylinux_2_28_x86_64.whl", hash = "sha256:f6449672f9c93316deb5e2839e18931f468670e44d5bd9b1301a5a9655d45c07"},
    {file = "lxml-6.1.3-cp310-cp310-manylinux_2_28_i686.whl", hash = "sha256:ec295280f4b37769256da025acf5890370355ac589c27e89caae0b5e9eedc702"},
    {file = "lxml-6.1.3-cp310-cp310-manylinux_2_31_armv7l.whl", hash = "sha256:5929d9df5e7e3379183be0e21f7d559618a5b61cb63280df6164019242e337ed"},
    {file = "lxml-6.1.3-cp310-cp310-manylinux_2_38_riscv64.manylinux_2_39_riscv64.whl", hash = "sha256:6e1eb8a4cbffd5553680ad96be6680e364710656eced73d1dc90ec489df599a3"},
    {file = "lxml-6.1.3-cp310-cp310-musllinux_1_2_aarch64.whl", hash = "sha256:16148acd77ed1d8836a56db883af2f5eed720f9723088110b16a0d08582130a6"},
    {file = "lxml-6.1.3-cp310-cp310-musllinux_1_2_armv7l.whl", hash = "sha256:23c366231259cd75ad06495174701afb3fcb36a92917fa47de2d1f1bd9d95739"},
    {file = "lxml-6.1.3-cp310-cp310-musllinux_1_2_riscv64.whl", hash = "sha256:da85db328e507da922d586c3c7416ec360ec22e9cd9e0700691afacde0c81f53"},
    {file = "lxml-6.1.3-cp310-cp310-musllinux_1_2_x86_64.whl", hash = "sha256:0f17d83c48ee9dfd96abae3ac3e2108c76d2fc86ce96355e37b8da9f7f4ecc08"},
    {file = "lxml-6.1.3-cp310-cp310-win32.whl", hash = "sha256:7dd624c1eaa629ad44b59a1a0145fdf2d67895592dce94c9358b938b3d075e65"},
    {file = "lxml-6.1.3-cp310-cp310-win_amd64.whl", hash = "sha256:18a4db52b5a7b53a3540b0b0f4123319334621ee8083d496de314d0bf06ff59a"},
    {file = "lxml-6.1.3-cp310-cp310-win_arm64.whl", hash = "sha256:0feebef8d0521188d0157f758356072e840173aa61ca45b8b3f87959ac283dd5"},
    {file = "lxml-6.1.3-pp310-pypy310_pp73-macosx_10_15_x86_64.whl", hash = "sha256:4b061064b4a2fe8598a466d723d43dbcd5a610a5d5cfe02fb6226f5c17349f75"},
    {file = "lxml-6.1.3-pp310-pypy310_pp73-manylinux2014_aarch64.manylinux_2_17_aarch64.whl", hash = "sha256:8499d464de86fab0f102313cce32a9bed9ab1f06ec813cf025cb790964fbb765"},
    {file = "lxml-6.1.3-pp310-pypy310_pp73-manylinux2014_x86_64.manylinux_2_17_x86_64.whl", hash = "sha256:9e67324961ac9bbe616cce5100514d2e34d88665aeb07071e8b16eac55d06d94"},
    {file = "lxml-6.1.3-pp310-pypy310_pp73-manylinux_2_26_aarch64.manylinux_2_28_aarch64.whl", hash = "sha256:5d12669a2c419b0e8dc423d23dea24bb82f6f9cb829f32e04674b0ba40322a7c"},
    {file = "lxml-6.1.3-pp310-pypy310_pp73-manylinux_2_26_x86_64.manylinux_2_28_x86_64.whl", hash = "sha256:97acecb11cbc411473f15b8d780df06d7a9f3a2aad9aca78364f56640c8fb70e"},
    {file = "lxml-6.1.3-pp310-pypy310_pp73-win_amd64.whl", hash = "sha256:f8b9c8ceebae6387d0dc77f7f4dbbfbfc962dba2efbfe6877486075a480726b4"},
    {file = "lxml-6.1.3.tar.gz", hash = "sha256:45222d94ddd511536f3b2f7d9deae3b2339b4ce0f075f1ca25703b07cad9dd21"},
]

[[package]]
name = "platformdirs"
version = "4.11.11"
requires_python = ">=3.10"
summary = "A small Python package for determining appropriate platform-specific dirs, e.g. a `user data dir`."
groups = ["default"]
files = [
    {file = "platformdirs-4.11.11-py3-none-any.whl", hash = "sha256:972ea6b2b387155a536226a0750e46923d731d459a387c4a255c583ed2f64547"},
    {file = "platformdirs-4.11.11.tar.gz", hash = "sha256:b0befe8a90759e4a9a8b9820d434ae226a6549063210b596da0038a7a05aede4"},
]

[[package]]
name = "protobuf"
version = "7.36.2"
requires_python = ">=3.10"
summary = ""
groups = ["default"]
files = [
    {file = "protobuf-7.36.2-cp310-abi3-macosx_10_9_universal2.whl", hash = "sha256:cbc70b17ee27e28894c7fee8bb04be1abead49e936bc70eb60052531eee2079e"},
    {file = "protobuf-7.36.2-cp310-abi3-manylinux2014_aarch64.whl", hash = "sha256:e11e1f0180583a2af89db6a2ecd9e8dc40aa6d2988ca175bfd0e6d12ea72d74e"},
    {file = "protobuf-7.36.2-cp310-abi3-manylinux2014_s390x.whl", hash = "sha256:f4fee11ec330d238b34a05c9b675f693c20415d1c5bd7d5320cc2f8a798eb9cf"},
    {file = "protobuf-7.36.2-cp310-abi3-manylinux2014_x86_64.whl", hash = "sha256:89f23aa53c24553a2416fd4fd1ec06f74fa42b14b546d8883128813f775bbfd2"},
    {file = "protobuf-7.36.2-cp310-abi3-win32.whl", hash = "sha256:912c1221170e16c08d1f086762f563dd61ff83c18b5fa6652952dfaded66f728"},
    {file = "protobuf-7.36.2-cp310-abi3-win_amd64.whl", hash = "sha256:a300819d441e078a5608c0d3c709796bb548136058fda017ae51d425b44fd353"},
    {file = "protobuf-7.36.2-py3-none-any.whl", hash = "sha256:bdb3a345d48db958e6ce1f18e508beb0cc981d64f24088427549c866cd039f1e"},
    {file = "protobuf-7.36.2.tar.gz", hash = "sha256:497d0463ff3316681da6c0b9e8d06cb465d61abce00b613ab42226175644d1bb"},
]

[[package]]
name = "pytz"
version = "2026.3.post1"
summary = "World timezone definitions, modern and historical"
groups = ["default"]
files = [
    {file = "pytz-2026.3.post1-py2.py3-none-any.whl", hash = "sha256:dd95840dd199baea12d9cc096a1d452caa6596a1c1e4b5f3dbd1541855d5e815"},
    {file = "pytz-2026.3.post1.tar.gz", hash = "sha256:2211d3fcf9a797d3405cac96ac7f61d80e6a644f72a3309607282fe8a2010c5d"},
]

[[package]]
name = "requests"
version = "2.34.2"
requires_python = ">=3.10"
summary = "Python HTTP for Humans."
groups = ["default"]
dependencies = [
    "certifi>=2023.5.7",
    "charset-normalizer<4,>=2",
    "idna<4,>=2.5",
    "urllib3<3,>=1.26",
]
files = [
    {file = "requests-2.34.2-py3-none-any.whl", hash = "sha256:2a0d60c172f83ac6ab31e4554906c0f3b3588d37b5cb939b1c061f4907e278e0"},
    {file = "requests-2.34.2.tar.gz", hash = "sha256:f288924cae4e29463698d6d60bc6a4da69c89185ad1e0bcc4104f584e960b9ed"},
]

[[package]]
name = "requests-file"
version = "3.0.1"
summary = "File transport adapter for Requests"
groups = ["default"]
dependencies = [
    "requests>=1.0.0",
]
files = [
    {file = "requests_file-3.0.1-py2.py3-none-any.whl", hash = "sha256:d0f5eb94353986d998f80ac63c7f146a307728be051d4d1cd390dbdb59c10fa2"},
    {file = "requests_file-3.0.1.tar.gz", hash = "sha256:f14243d7796c588f3521bd423c5dea2ee4cc730e54a3cac9574d78aca1272576"},
]

[[package]]
name = "requests-toolbelt"
version = "1.0.0"
requires_python = ">=2.7, !=3.0.*, !=3.1.*, !=3.2.*, !=3.3.*"
summary = "A utility belt for advanced users of python-requests"
groups = ["default"]
dependencies = [
    "requests<3.0.0,>=2.0.1",
]
files = [
    {file = "requests-toolbelt-1.0.0.tar.gz", hash = "sha256:7681a0a3d047012b5bdc0ee37d7f8f07ebe76ab08caeccfc3921ce23c88d5bc6"},
    {file = "requests_toolbelt-1.0.0-py2.py3-none-any.whl", hash = "sha256:cccfdd665f0a24fcf4726e690f65639d272bb0637b9b92dfd91a5568ccf6bd06"},
]

[[package]]
name = "setuptools"
version = "84.0.0"
requires_python = ">=3.10"
summary = "Most extensible Python build backend with support for C/C++ extension modules"
groups = ["default"]
files = [
    {file = "setuptools-84.0.0-py3-none-any.whl", hash = "sha256:51a52592b3b99e102b609654876bd65f19f999935166d1352678931132b0c670"},
    {file = "setuptools-84.0.0.tar.gz", hash = "sha256:f4695c21257f0d9b537ec2692c941d02ee143b7cc1276941349a546573b2ef73"},
]

[[package]]
name = "six"
version = "1.17.0"
requires_python = "!=3.0.*,!=3.1.*,!=3.2.*,>=2.7"
summary = "Python 2 and 3 compatibility utilities"
groups = ["default"]
files = [
    {file = "six-1.17.0-py2.py3-none-any.whl", hash = "sha256:4721f391ed90541fddacab5acf947aa0d3dc7d27b2e1e8eda2be8970586c3274"},
    {file = "six-1.17.0.tar.gz", hash = "sha256:ff70335d468e7eb6ec65b95b99d3a2836546063f63acc5171de367e834932a81"},
]

[[package]]
name = "spyne"
version = "2.14.0"
summary = "A transport and architecture agnostic rpc library that focuses on exposing public services with a well-defined API."
groups = ["default"]
dependencies = [
    "pytz",
]
files = [
    {file = "spyne-2.14.0.tar.gz", hash = "sha256:063e950e179a7d5b06b577c9f2c9091a70d40217f1a853076b3709caa2bf3a16"},
]

[[package]]
name = "typing-extensions"
version = "4.16.0"
requires_python = ">=3.9"
summary = "Backported and Experimental Type Hints for Python 3.9+"
groups = ["default"]
files = [
    {file = "typing_extensions-4.16.0-py3-none-any.whl", hash = "sha256:481caa481374e813c1b176ada14e97f1f67a4539ce9cfeb3f350d78d6370c2e8"},
    {file = "typing_extensions-4.16.0.tar.gz", hash = "sha256:dc983d19a509c94dba722ee6abd33940f7c05a89e243c47e907eb4db6f1a43e5"},
]

[[package]]
name = "urllib3"
version = "2.8.0"
requires_python = ">=3.10"
summary = "HTTP library with thread-safe connection pooling, file post, and more."
groups = ["default"]
files = [
    {file = "urllib3-2.8.0-py3-none-any.whl", hash = "sha256:0cf3cae568d36aa9576b28dfb35f11328f1cb974ca7647d9475ebb86c75ac6e3"},
    {file = "urllib3-2.8.0.tar.gz", hash = "sha256:63bf2ead4c879426ebf22ef2a781eeb4aa3b4ae798a0435506f8687fd5bb9b63"},
]

[[package]]
name = "zeep"
version = "4.3.3"
requires_python = ">=3.10"
summary = "A Python SOAP client"
groups = ["default"]
dependencies = [
    "attrs>=17.2.0",
    "isodate>=0.5.4",
    "lxml>=4.6.0",
    "platformdirs>=1.4.0",
    "requests-file>=1.5.1",
    "requests-toolbelt>=0.7.1",
    "requests>=2.7.0",
]
files = [
    {file = "zeep-4.3.3-py3-none-any.whl", hash = "sha256:5adfae35582848819f8bb97b6ea9f1a34a2d4851a539f830e14dbab09961dd18"},
    {file = "zeep-4.3.3.tar.gz", hash = "sha256:99d5059f92f721020998695fd9c85289ccb03ec5a2398ad49c6dbe43f19cfb94"},
]
