# This file is @generated by PDM.
# It is not intended for manual editing.

[metadata]
groups = ["default"]
strategy = ["inherit_metadata"]
lock_version = "4.5.1"
content_hash = "sha256:9cebe622eb56c0f1ad99707e4284287ecbe3520edd3faa8f39c94b83bfbd8a00"

[[metadata.targets]]
requires_python = "==3.12.*"

[[package]]
name = "attrs"
version = "26.1.0"
requires_python = ">=3.9"
summary = "Classes Without Boilerplate"
groups = ["default"]
files = [
    {file = "attrs-26.1.0-py3-none-any.whl", hash = "sha256:c647aa4a12dfbad9333ca4e71fe62ddc36f4e63b2d260a37a8b83d2f043ac309"},
    {file = "attrs-26.1.0.tar.gz", hash = "sha256:d03ceb89cb322a8fd706d4fb91940737b6642aa36998fe130a9bc96c985eff32"},
]

[[package]]
name = "certifi"
version = "2026.7.22"
requires_python = ">=3.7"
summary = "Python package for providing Mozilla's CA Bundle."
groups = ["default"]
files = [
    {file = "certifi-2026.7.22-py3-none-any.whl", hash = "sha256:62f22742b58a1a33014a2b6b706588a8d7e2a88ae7bd1a6ebe8c992928483775"},
    {file = "certifi-2026.7.22.tar.gz", hash = "sha256:741e2c3b351ddf169a738da9f2c048608ff7f2c5cc02f1ebc6b118bb090d5d55"},
]

[[package]]
name = "charset-normalizer"
version = "3.5.1"
requires_python = ">=3.7"
summary = "The Real First Universal Charset Detector. Open, modern and actively maintained alternative to Chardet."
groups = ["default"]
files = [
    {file = "charset_normalizer-3.5.1-cp312-cp312-macosx_10_13_universal2.whl", hash = "sha256:5b6d1386bf0096d26d3a863dc0a487a5b4eb9aa93cf5ba69683d29dde6b9d60f"},
    {file = "charset_normalizer-3.5.1-cp312-cp312-manylinux2014_aarch64.manylinux_2_17_aarch64.manylinux_2_28_aarch64.whl", hash = "sha256:4582c27e8c889d64811987b5967fbd3ae0c823fe1fd933b543d55ac20bb475fa"},
    {file = "charset_normalizer-3.5.1-cp312-cp312-manylinux2014_armv7l.manylinux_2_17_armv7l.manylinux_2_31_armv7l.whl", hash = "sha256:1d1c7a53a6c2103925cdd6d7229f8c567379f211c869793df679f2e9f738c369"},
    {file = "charset_normalizer-3.5.1-cp312-cp312-manylinux2014_ppc64le.manylinux_2_17_ppc64le.manylinux_2_28_ppc64le.whl", hash = "sha256:e6621fb2a4988d6e53eedc455e5903e2679f3967b8acb3d639f1b63c14a2e893"},
    {file = "charset_normalizer-3.5.1-cp312-cp312-manylinux2014_s390x.manylinux_2_17_s390x.manylinux_2_28_s390x.whl", hash = "sha256:7c0c10730342b0c9b35dd1d619beb8214e520bd96a1f870f452680b238aab3e0"},
    {file = "charset_normalizer-3.5.1-cp312-cp312-manylinux2014_x86_64.manylinux_2_17_x86_64.manylinux_2_28_x86_64.whl", hash = "sha256:b9af956078716df40d985fb0dfeb2c2120c5ca92ba4ff4b388acfd01cdc14d08"},
    {file = "charset_normalizer-3.5.1-cp312-cp312-manylinux_2_31_riscv64.manylinux_2_39_riscv64.whl", hash = "sha256:f9f8405c2c758532c74fed975dbee57be1f31a6e865c031870c79a6ed3212ada"},
    {file = "charset_normalizer-3.5.1-cp312-cp312-musllinux_1_2_aarch64.whl", hash = "sha256:96fef3e886d6a9874b14f27fc193fbdc69d5d8035783d86aa4e1cea594e695f9"},
    {file = "charset_normalizer-3.5.1-cp312-cp312-musllinux_1_2_armv7l.whl", hash = "sha256:5d8531a6569d025f68e2321e7638fb7978f23db58e5f69f56913837aae03816e"},
    {file = "charset_normalizer-3.5.1-cp312-cp312-musllinux_1_2_ppc64le.whl", hash = "sha256:aae2ee51122d3ae968a3837d97dc24a0aeebb0dea23694422cd172bd30017cd6"},
    {file = "charset_normalizer-3.5.1-cp312-cp312-musllinux_1_2_riscv64.whl", hash = "sha256:7235dc28fc6dd9d832ac7c7bce95367dedb85929f17368a0c2bee1e080b9acbf"},
    {file = "charset_normalizer-3.5.1-cp312-cp312-musllinux_1_2_s390x.whl", hash = "sha256:4abdc5f9ad448c1ecbfae2974b820535d6bc6e7eef63babbab3d81cf46968c71"},
    {file = "charset_normalizer-3.5.1-cp312-cp312-musllinux_1_2_x86_64.whl", hash = "sha256:ba501e667c17d8411f98e67a022d9604ef179aff0e459b7e292c796837c13573"},
    {file = "charset_normalizer-3.5.1-cp312-cp312-win32.whl", hash = "sha256:cfa1c0cc3a8f9f53f1243a5a99ac36fd003880199383b37672e86ddda9cb07e2"},
    {file = "charset_normalizer-3.5.1-cp312-cp312-win_amd64.whl", hash = "sha256:3617ac3cfd8b9888f145ad89dd6e692285834b0201c6074a5eeaad3fd4d668c2"},
    {file = "charset_normalizer-3.5.1-cp312-cp312-win_arm64.whl", hash = "sha256:88e85ab89cb822c1e635f51d6d32e488f94e002e70e2f492bdb8b945543f345a"},
    {file = "charset_normalizer-3.5.1-cp37-abi3-macosx_10_9_universal2.whl", hash = "sha256:41876ee62a3dddf48ff1121ad8f0798032aa03f2fd35f21f34a4cab14f18d8d2"},
    {file = "charset_normalizer-3.5.1-cp37-abi3-manylinux1_x86_64.manylinux_2_28_x86_64.manylinux_2_5_x86_64.whl", hash = "sha256:a6dac12ff6b846103483683f60c5f8fee205121adc58ffd87e90a90a3af69e99"},
    {file = "charset_normalizer-3.5.1-cp37-abi3-manylinux2014_aarch64.manylinux_2_17_aarch64.manylinux_2_28_aarch64.whl", hash = "sha256:cee5dd7c6fb5dd52a0fe2a740f9bc6e3593f5f8b1788bde49de02086f30182b2"},
    {file = "charset_normalizer-3.5.1-cp37-abi3-manylinux2014_armv7l.manylinux_2_17_armv7l.manylinux_2_31_armv7l.whl", hash = "sha256:343fb4f2821043bd87095f7b08a1a181febc8e36ac64212143bbfd0a0e1bc235"},
    {file = "charset_normalizer-3.5.1-cp37-abi3-manylinux2014_ppc64le.manylinux_2_17_ppc64le.manylinux_2_28_ppc64le.whl", hash = "sha256:ae4a097991662cd4fff0ddc74e0fe7874f82e00042fa0ea00855645ed0c79598"},
    {file = "charset_normalizer-3.5.1-cp37-abi3-manylinux2014_s390x.manylinux_2_17_s390x.manylinux_2_28_s390x.whl", hash = "sha256:4b599739b93b2cbeded49645ae3c8d1405c29ddfbceac1545c87a3f9580a9e96"},
    {file = "charset_normalizer-3.5.1-cp37-abi3-manylinux_2_31_riscv64.manylinux_2_39_riscv64.whl", hash = "sha256:b39b69b347e5e47a3b5b8cfc005c68c1ba347474e3960236c4944a8ecd174962"},
    {file = "charset_normalizer-3.5.1-cp37-abi3-musllinux_1_2_aarch64.whl", hash = "sha256:a2028475ba855475b8b4d3cfeb4994269c967aea8b9892dfba907f4263a863a3"},
    {file = "charset_normalizer-3.5.1-cp37-abi3-musllinux_1_2_armv7l.whl", hash = "sha256:36047af20e17097c3bb9476c2b7655f2f7aa51322c0ba58c07695bedf755a950"},
    {file = "charset_normalizer-3.5.1-cp37-abi3-musllinux_1_2_ppc64le.whl", hash = "sha256:4c4fb141a727957c93edfe5c32a26ceb6b5f6461d67146e2d39f51e16170bea8"},
    {file = "charset_normalizer-3.5.1-cp37-abi3-musllinux_1_2_riscv64.whl", hash = "sha256:2f293479cce755c75f1697e87c409b7ae4c555c7dfecb6e988ad13abba943031"},
    {file = "charset_normalizer-3.5.1-cp37-abi3-musllinux_1_2_s390x.whl", hash = "sha256:3588e376b3ea2eea84976f67273d679f229e24c66dce7b82ae45aef04ff6e072"},
    {file = "charset_normalizer-3.5.1-cp37-abi3-musllinux_1_2_x86_64.whl", hash = "sha256:e199fb99720074809a7720f1c0b4d919eea8b87e88713e0f8f602f7bef543d9d"},
    {file = "charset_normalizer-3.5.1-cp37-abi3-win32.whl", hash = "sha256:dd732602a7009217f658d5863d12d79d373a4de0eebc111094bcdd3bb8e0a6cc"},
    {file = "charset_normalizer-3.5.1-cp37-abi3-win_amd64.whl", hash = "sha256:70055ff39b97c99e7ae40ea3e393fb62aa2e44dbd9b29f8d14f42fb0025c3959"},
    {file = "charset_normalizer-3.5.1-cp37-abi3-win_arm64.whl", hash = "sha256:87e4f41d375c0b9be2fb5251aee4b8a689169e134535aed81bf085c3b647451e"},
    {file = "charset_normalizer-3.5.1-py3-none-any.whl", hash = "sha256:6df0ec430f9a831772c23ca5a224cba36517a58a84bb32c32bb59a9fa67c47f6"},
    {file = "charset_normalizer-3.5.1.tar.gz", hash = "sha256:6117b84ea48435e5356dc737f5121485c30920ba43375fa7b434fd753df0eac3"},
]

[[package]]
name = "grpcio"
version = "1.84.0"
requires_python = ">=3.10"
summary = "HTTP/2-based RPC framework"
groups = ["default"]
dependencies = [
    "typing-extensions~=4.12",
]
files = [
    {file = "grpcio-1.84.0-cp312-cp312-linux_armv7l.whl", hash = "sha256:b5c6f20d657ae09ae4e30d9d3a21edd13f1219d58cc6f999b9d1bb63be9c1baa"},
    {file = "grpcio-1.84.0-cp312-cp312-macosx_11_0_universal2.whl", hash = "sha256:406583b4e8fb2282ebd392e12b963e601c1f82e07125a8c2cb5b144e7e024796"},
    {file = "grpcio-1.84.0-cp312-cp312-manylinux2014_aarch64.manylinux_2_17_aarch64.whl", hash = "sha256:fbdbcd06986ede3ce584083b1dc2afe6808e8943e5cf50ad11183c03aceda25a"},
    {file = "grpcio-1.84.0-cp312-cp312-manylinux2014_i686.manylinux_2_17_i686.whl", hash = "sha256:23e6e8e8a75cff88e0a793bfd3becea03a13e2763ae90c1ff573bc19ca5b429a"},
    {file = "grpcio-1.84.0-cp312-cp312-manylinux2014_x86_64.manylinux_2_17_x86_64.whl", hash = "sha256:b44f0a0fc7bc6677d38cc80bca1a32814ce6c8f200fb8b3c1a61c9d77eaefbf3"},
    {file = "grpcio-1.84.0-cp312-cp312-musllinux_1_2_aarch64.whl", hash = "sha256:210e4c32f907045eb8158273e60c6ab69a3947697df6245dbda381f26c59485b"},
    {file = "grpcio-1.84.0-cp312-cp312-musllinux_1_2_i686.whl", hash = "sha256:a71d24f40b0cc6798feaa978c7411dc1135b7018e9fc0442db611c139bf58344"},
    {file = "grpcio-1.84.0-cp312-cp312-musllinux_1_2_x86_64.whl", hash = "sha256:f6c972474ce691aca74e58d17625450cef153dc4760364cadeb167983ea6d589"},
    {file = "grpcio-1.84.0-cp312-cp312-win32.whl", hash = "sha256:0d532ade4486dad9b302ffa4d4683d67561051c26d17c4023322845e9fa10140"},
    {file = "grpcio-1.84.0-cp312-cp312-win_amd64.whl", hash = "sha256:49717e857899f4136d7657bf5aded61ac479110a075438290923a4d86af7cd02"},
    {file = "grpcio-1.84.0.tar.gz", hash = "sha256:19aaf172fc2edbefccce3f6e92c5150975dbe56c45744e9e87cf72ebdf85bfbe"},
]

[[package]]
name = "grpcio-tools"
version = "1.84.0"
requires_python = ">=3.10"
summary = "Protobuf code generator for gRPC"
groups = ["default"]
dependencies = [
    "grpcio>=1.84.0",
    "protobuf<8.0.0,>=7.35.1",
    "setuptools>=77.0.1",
]
files = [
    {file = "grpcio_tools-1.84.0-cp312-cp312-linux_armv7l.whl", hash = "sha256:bcc3b6f41e02d77e519e6e4f114f7ab5a22815acd9b6a3c8965417df36938de3"},
    {file = "grpcio_tools-1.84.0-cp312-cp312-macosx_11_0_universal2.whl", hash = "sha256:9315344bed77b08c155672ab2d77513e1e8a20fd2744ab0bb72647e22bc900ac"},
    {file = "grpcio_tools-1.84.0-cp312-cp312-manylinux2014_aarch64.manylinux_2_17_aarch64.whl", hash = "sha256:a83ccb3f47f841d92f04fd35ed1f8b094e2a92c33ae41f26732e970e0361ff14"},
    {file = "grpcio_tools-1.84.0-cp312-cp312-manylinux2014_i686.manylinux_2_17_i686.whl", hash = "sha256:9b0f4aa6fd1a72e2048742016da37cfa773394ee2b96daef6e6ef38a02eabea6"},
    {file = "grpcio_tools-1.84.0-cp312-cp312-manylinux2014_x86_64.manylinux_2_17_x86_64.whl", hash = "sha256:fc1708de3ba6cc46eff02de1aea865442418167794ca963a2cf6ea2013930146"},
    {file = "grpcio_tools-1.84.0-cp312-cp312-musllinux_1_2_aarch64.whl", hash = "sha256:45e38ee36a131ad1123b2741e045656419551efe52837a4702e09daee339fbcf"},
    {file = "grpcio_tools-1.84.0-cp312-cp312-musllinux_1_2_i686.whl", hash = "sha256:a87275c13a9e6027d164494483027b9b08a8b9f6176108cb27d4bc13c8cbc720"},
    {file = "grpcio_tools-1.84.0-cp312-cp312-musllinux_1_2_x86_64.whl", hash = "sha256:602453d5a04f74ead2077064249fc462bd4a93a1d23cb9f2c89cd254ac170ab7"},
    {file = "grpcio_tools-1.84.0-cp312-cp312-win32.whl", hash = "sha256:13a7e252569e3d2b3496fad5439a5f02f9f8d3454e66c5177fb3127342635c57"},
    {file = "grpcio_tools-1.84.0-cp312-cp312-win_amd64.whl", hash = "sha256:848338ebb0f1bccaf15c09d3905a2bda5907101ca2c88ed411c4ae707615f8ac"},
    {file = "grpcio_tools-1.84.0.tar.gz", hash = "sha256:210ac5ac9803569490ec33574b7e995bc087815b00d9b777e0134cab5ed9a379"},
]

[[package]]
name = "idna"
version = "3.20"
requires_python = ">=3.9"
summary = "Internationalized Domain Names in Applications (IDNA)"
groups = ["default"]
files = [
    {file = "idna-3.20-py3-none-any.whl", hash = "sha256:ab7ae7122974553370f0bdb919e1a960b2cd1bc1ef0276416d896db81c14582c"},
    {file = "idna-3.20.tar.gz", hash = "sha256:a7db850025b95ded1eae8a46181a1a6c56c92c96f0e2b005d9ff8dc0210cab44"},
]

[[package]]
name = "isodate"
version = "0.7.2"
requires_python = ">=3.7"
summary = "An ISO 8601 date/time/duration parser and formatter"
groups = ["default"]
files = [
    {file = "isodate-0.7.2-py3-none-any.whl", hash = "sha256:28009937d8031054830160fce6d409ed342816b543597cece116d966c6d99e15"},
    {file = "isodate-0.7.2.tar.gz", hash = "sha256:4cd1aa0f43ca76f4a6c6c0292a85f40b35ec2e43e315b59f06e6d32171a953e6"},
]

[[package]]
name = "lxml"
version = "6.1.3"
requires_python = ">=3.8"
summary = "Powerful and Pythonic XML processing library combining libxml2/libxslt with the ElementTree API."
groups = ["default"]
files = [
    {file = "lxml-6.1.3-cp312-cp312-macosx_10_13_universal2.whl", hash = "sha256:0c0710ac085a157b593c38fbcacd950f15c4afa8e2057527185875ab302752bc"},
    {file = "lxml-6.1.3-cp312-cp312-macosx_10_13_x86_64.whl", hash = "sha256:623c8799c17128753c65699f1c3aa32402657393a9ad6db09ed8b98ddf76611d"},
    {file = "lxml-6.1.3-cp312-cp312-manylinux2014_aarch64.manylinux_2_17_aarch64.whl", hash = "sha256:f683dc6300317700025e41d89a43e0276692ded16113a3c43eab704d605c58e5"},
    {file = "lxml-6.1.3-cp312-cp312-manylinux2014_x86_64.manylinux_2_17_x86_64.whl", hash = "sha256:379f8a75cf6eb7eef0af074b55f49ab73b868388a98de14646abcdfa4564bb11"},
    {file = "lxml-6.1.3-cp312-cp312-manylinux_2_26_aarch64.manylinux_2_28_aarch64.whl", hash = "sha256:b37772102d44bb6628186accca3a121b1fa3a6b3d97518a8c29a5229ca4c0d0a"},
    {file = "lxml-6.1.3-cp312-cp312-manylinux_2_26_ppc64le.manylinux_2_28_ppc64le.whl", hash = "sha256:ddcf547bea2aee967d6a77779376a45e77e610e8465147a1f3d7e20d539d6e32"},
    {file = "lxml-6.1.3-cp312-cp312-manylinux_2_26_x86_64.manylinux_2_28_x86_64.whl", hash = "sha256:909f4e927bb051f7740d6367285fc60cdcfdaf0258c2dba4ff5ba7eadadc250c"},
    {file = "lxml-6.1.3-cp312-cp312-manylinux_2_28_i686.whl", hash = "sha256:a5c18810318303ce9afb3f95e2ddb54834f96fa699a8600433fd5a93dcf44c56"},
    {file = "lxml-6.1.3-cp312-cp312-manylinux_2_31_armv7l.whl", hash = "sha256:3e42265103fb385d8642a78672edf376c6f7e1d3598a7a4f9cb1278f2f6b5f6f"},
    {file = "lxml-6.1.3-cp312-cp312-manylinux_2_38_riscv64.manylinux_2_39_riscv64.whl", hash = "sha256:21402998e4b78e7cce237d2788841aaa21ac9a4d1574d04dc2d12ee41ae807b5"},
    {file = "lxml-6.1.3-cp312-cp312-musllinux_1_2_aarch64.whl", hash = "sha256:38fc4e4e4e084e0bd491949482527d406788045c546d4f8789e93fc527b91385"},
    {file = "lxml-6.1.3-cp312-cp312-musllinux_1_2_armv7l.whl", hash = "sha256:5609efdb0d3c95499c00046bc53648b3482ec2175b5503d6e611b3f0555dc71d"},
    {file = "lxml-6.1.3-cp312-cp312-musllinux_1_2_ppc64le.whl", hash = "sha256:97ce49699d87ebf8aad631b55d65b33219a4f1bfefbbf5bff19dc9af160aeaf9"},
    {file = "lxml-6.1.3-cp312-cp312-musllinux_1_2_riscv64.whl", hash = "sha256:48542c9acba9ff9450bd18d871d2c2c8787fdb283572b623d206f1b927cd7d9e"},
    {file = "lxml-6.1.3-cp312-cp312-musllinux_1_2_x86_64.whl", hash = "sha256:c55e71a9b1db1f107efb60da49c093689b74c5c31a708e5379e2fd9439d4fbb5"},
    {file = "lxml-6.1.3-cp312-cp312-win32.whl", hash = "sha256:b3ff39654f0ce6ebd4db154211136dbe7e8157bcc3bed2344c87f32c7c6ecb6c"},
    {file = "lxml-6.1.3-cp312-cp312-win_amd64.whl", hash = "sha256:3e9a00d1c2c30936f7add097c41afc5da6556c580909104aafd382cac92a855c"},
    {file = "lxml-6.1.3-cp312-cp312-win_arm64.whl", hash = "sha256:1aeca87830c4fe649dcf93fe2b059525b71c72587f21be4ae4af7103082a79fa"},
    {file = "lxml-6.1.3.tar.gz", hash = "sha256:45222d94ddd511536f3b2f7d9deae3b2339b4ce0f075f1ca25703b07cad9dd21"},
]

[[package]]
name = "platformdirs"
version = "4.11.11"
requires_python = ">=3.10"
summary = "A small Python package for determining appropriate platform-specific dirs, e.g. a `user data dir`."
groups = ["default"]
files = [
    {file = "platformdirs-4.11.11-py3-none-any.whl", hash = "sha256:972ea6b2b387155a536226a0750e46923d731d459a387c4a255c583ed2f64547"},
    {file = "platformdirs-4.11.11.tar.gz", hash = "sha256:b0befe8a90759e4a9a8b9820d434ae226a6549063210b596da0038a7a05aede4"},
]

[[package]]
name = "protobuf"
version = "7.36.2"
requires_python = ">=3.10"
summary = ""
groups = ["default"]
files = [
    {file = "protobuf-7.36.2-cp310-abi3-macosx_10_9_universal2.whl", hash = "sha256:cbc70b17ee27e28894c7fee8bb04be1abead49e936bc70eb60052531eee2079e"},
    {file = "protobuf-7.36.2-cp310-abi3-manylinux2014_aarch64.whl", hash = "sha256:e11e1f0180583a2af89db6a2ecd9e8dc40aa6d2988ca175bfd0e6d12ea72d74e"},
    {file = "protobuf-7.36.2-cp310-abi3-manylinux2014_s390x.whl", hash = "sha256:f4fee11ec330d238b34a05c9b675f693c20415d1c5bd7d5320cc2f8a798eb9cf"},
    {file = "protobuf-7.36.2-cp310-abi3-manylinux2014_x86_64.whl", hash = "sha256:89f23aa53c24553a2416fd4fd1ec06f74fa42b14b546d8883128813f775bbfd2"},
    {file = "protobuf-7.36.2-cp310-abi3-win32.whl", hash = "sha256:912c1221170e16c08d1f086762f563dd61ff83c18b5fa6652952dfaded66f728"},
    {file = "protobuf-7.36.2-cp310-abi3-win_amd64.whl", hash = "sha256:a300819d441e078a5608c0d3c709796bb548136058fda017ae51d425b44fd353"},
    {file = "protobuf-7.36.2-py3-none-any.whl", hash = "sha256:bdb3a345d48db958e6ce1f18e508beb0cc981d64f24088427549c866cd039f1e"},
    {file = "protobuf-7.36.2.tar.gz", hash = "sha256:497d0463ff3316681da6c0b9e8d06cb465d61abce00b613ab42226175644d1bb"},
]

[[package]]
name = "pytz"
version = "2026.3.post1"
summary = "World timezone definitions, modern and historical"
groups = ["default"]
files = [
    {file = "pytz-2026.3.post1-py2.py3-none-any.whl", hash = "sha256:dd95840dd199baea12d9cc096a1d452caa6596a1c1e4b5f3dbd1541855d5e815"},
    {file = "pytz-2026.3.post1.tar.gz", hash = "sha256:2211d3fcf9a797d3405cac96ac7f61d80e6a644f72a3309607282fe8a2010c5d"},
]

[[package]]
name = "requests"
version = "2.34.2"
requires_python = ">=3.10"
summary = "Python HTTP for Humans."
groups = ["default"]
dependencies = [
    "certifi>=2023.5.7",
    "charset-normalizer<4,>=2",
    "idna<4,>=2.5",
    "urllib3<3,>=1.26",
]
files = [
    {file = "requests-2.34.2-py3-none-any.whl", hash = "sha256:2a0d60c172f83ac6ab31e4554906c0f3b3588d37b5cb939b1c061f4907e278e0"},
    {file = "requests-2.34.2.tar.gz", hash = "sha256:f288924cae4e29463698d6d60bc6a4da69c89185ad1e0bcc4104f584e960b9ed"},
]

[[package]]
name = "requests-file"
version = "3.0.1"
summary = "File transport adapter for Requests"
groups = ["default"]
dependencies = [
    "requests>=1.0.0",
]
files = [
    {file = "requests_file-3.0.1-py2.py3-none-any.whl", hash = "sha256:d0f5eb94353986d998f80ac63c7f146a307728be051d4d1cd390dbdb59c10fa2"},
    {file = "requests_file-3.0.1.tar.gz", hash = "sha256:f14243d7796c588f3521bd423c5dea2ee4cc730e54a3cac9574d78aca1272576"},
]

[[package]]
name = "requests-toolbelt"
version = "1.0.0"
requires_python = ">=2.7, !=3.0.*, !=3.1.*, !=3.2.*, !=3.3.*"
summary = "A utility belt for advanced users of python-requests"
groups = ["default"]
dependencies = [
    "requests<3.0.0,>=2.0.1",
]
files = [
    {file = "requests-toolbelt-1.0.0.tar.gz", hash = "sha256:7681a0a3d047012b5bdc0ee37d7f8f07ebe76ab08caeccfc3921ce23c88d5bc6"},
    {file = "requests_toolbelt-1.0.0-py2.py3-none-any.whl", hash = "sha256:cccfdd665f0a24fcf4726e690f65639d272bb0637b9b92dfd91a5568ccf6bd06"},
]

[[package]]
name = "setuptools"
version = "84.0.0"
requires_python = ">=3.10"
summary = "Most extensible Python build backend with support for C/C++ extension modules"
groups = ["default"]
files = [
    {file = "setuptools-84.0.0-py3-none-any.whl", hash = "sha256:51a52592b3b99e102b609654876bd65f19f999935166d1352678931132b0c670"},
    {file = "setuptools-84.0.0.tar.gz", hash = "sha256:f4695c21257f0d9b537ec2692c941d02ee143b7cc1276941349a546573b2ef73"},
]

[[package]]
name = "spyne"
version = "2.14.0"
summary = "A transport and architecture agnostic rpc library that focuses on exposing public services with a well-defined API."
groups = ["default"]
dependencies = [
    "pytz",
]
files = [
    {file = "spyne-2.14.0.tar.gz", hash = "sha256:063e950e179a7d5b06b577c9f2c9091a70d40217f1a853076b3709caa2bf3a16"},
]

[[package]]
name = "typing-extensions"
version = "4.16.0"
requires_python = ">=3.9"
summary = "Backported and Experimental Type Hints for Python 3.9+"
groups = ["default"]
files = [
    {file = "typing_extensions-4.16.0-py3-none-any.whl", hash = "sha256:481caa481374e813c1b176ada14e97f1f67a4539ce9cfeb3f350d78d6370c2e8"},
    {file = "typing_extensions-4.16.0.tar.gz", hash = "sha256:dc983d19a509c94dba722ee6abd33940f7c05a89e243c47e907eb4db6f1a43e5"},
]

[[package]]
name = "urllib3"
version = "2.8.0"
requires_python = ">=3.10"
summary = "HTTP library with thread-safe connection pooling, file post, and more."
groups = ["default"]
files = [
    {file = "urllib3-2.8.0-py3-none-any.whl", hash = "sha256:0cf3cae568d36aa9576b28dfb35f11328f1cb974ca7647d9475ebb86c75ac6e3"},
    {file = "urllib3-2.8.0.tar.gz", hash = "sha256:63bf2ead4c879426ebf22ef2a781eeb4aa3b4ae798a0435506f8687fd5bb9b63"},
]

[[package]]
name = "zeep"
version = "4.3.3"
requires_python = ">=3.10"
summary = "A Python SOAP client"
groups = ["default"]
dependencies = [
    "attrs>=17.2.0",
    "isodate>=0.5.4",
    "lxml>=4.6.0",
    "platformdirs>=1.4.0",
    "requests-file>=1.5.1",
    "requests-toolbelt>=0.7.1",
    "requests>=2.7.0",
]
files = [
    {file = "zeep-4.3.3-py3-none-any.whl", hash = "sha256:5adfae35582848819f8bb97b6ea9f1a34a2d4851a539f830e14dbab09961dd18"},
    {file = "zeep-4.3.3.tar.gz", hash = "sha256:99d5059f92f721020998695fd9c85289ccb03ec5a2398ad49c6dbe43f19cfb94"},
]
